
Microsoft Visual Studio Solution File, Format Version 12.00
# Visual Studio Version 17
VisualStudioVersion = 17.4.33213.308
MinimumVisualStudioVersion = 10.0.40219.1
Project("{FAE04EC0-301F-11D3-BF4B-00C04F79EFBC}") = "ApiCubosGACH", "ApiCubosGACH\ApiCubosGACH.csproj", "{C0C3E7FD-9744-45EB-BE2A-34FBCC06DE65}"
EndProject
Global
	GlobalSection(SolutionConfigurationPlatforms) = preSolution
		Debug|Any CPU = Debug|Any CPU
		Release|Any CPU = Release|Any CPU
	EndGlobalSection
	GlobalSection(ProjectConfigurationPlatforms) = postSolution
		{C0C3E7FD-9744-45EB-BE2A-34FBCC06DE65}.Debug|Any CPU.ActiveCfg = Debug|Any CPU
		{C0C3E7FD-9744-45EB-BE2A-34FBCC06DE65}.Debug|Any CPU.Build.0 = Debug|Any CPU
		{C0C3E7FD-9744-45EB-BE2A-34FBCC06DE65}.Release|Any CPU.ActiveCfg = Release|Any CPU
		{C0C3E7FD-9744-45EB-BE2A-34FBCC06DE65}.Release|Any CPU.Build.0 = Release|Any CPU
	EndGlobalSection
	GlobalSection(SolutionProperties) = preSolution
		HideSolutionNode = FALSE
	EndGlobalSection
	GlobalSection(ExtensibilityGlobals) = postSolution
		SolutionGuid = {28E4F153-C16D-4B2E-A315-10F18E16782B}
	EndGlobalSection
EndGlobal
